Microsoft Visual Studio Solution File, Format Version 11.00
# Visual Studio 2008

Project("{50F4F41E-03CA-0AAB-5E91-568D352C82FD}") = "Origami", "Assembly-CSharp.csproj", "{772A6AD4-6931-6A1D-6AA8-68B5A7989CD5}"
EndProject
Global
	GlobalSection(SolutionConfigurationPlatforms) = preSolution
		Debug|Any CPU = Debug|Any CPU
		Release|Any CPU = Release|Any CPU
	EndGlobalSection
	GlobalSection(ProjectConfigurationPlatforms) = postSolution
		{772A6AD4-6931-6A1D-6AA8-68B5A7989CD5}.Debug|Any CPU.ActiveCfg = Debug|Any CPU
		{772A6AD4-6931-6A1D-6AA8-68B5A7989CD5}.Debug|Any CPU.Build.0 = Debug|Any CPU
		{772A6AD4-6931-6A1D-6AA8-68B5A7989CD5}.Release|Any CPU.ActiveCfg = Release|Any CPU
		{772A6AD4-6931-6A1D-6AA8-68B5A7989CD5}.Release|Any CPU.Build.0 = Release|Any CPU
	EndGlobalSection
	GlobalSection(SolutionProperties) = preSolution
		HideSolutionNode = FALSE
	EndGlobalSection
	GlobalSection(MonoDevelopProperties) = preSolution
		StartupItem = Assembly-CSharp.csproj
	EndGlobalSection
EndGlobal
